
Microsoft Visual Studio Solution File, Format Version 12.00
# Visual Studio Version 16
VisualStudioVersion = 16.0.29025.244
MinimumVisualStudioVersion = 10.0.40219.1
Project("{888888A0-9F3D-457C-B088-3A5042F75D52}") = "maxPathSum-Q3", "maxPathSum-Q3\maxPathSum-Q3.pyproj", "{C3DC8FA0-7F38-481F-BA57-F124C2241586}"
EndProject
Global
	GlobalSection(SolutionConfigurationPlatforms) = preSolution
		Debug|Any CPU = Debug|Any CPU
		Release|Any CPU = Release|Any CPU
	EndGlobalSection
	GlobalSection(ProjectConfigurationPlatforms) = postSolution
		{C3DC8FA0-7F38-481F-BA57-F124C2241586}.Debug|Any CPU.ActiveCfg = Debug|Any CPU
		{C3DC8FA0-7F38-481F-BA57-F124C2241586}.Release|Any CPU.ActiveCfg = Release|Any CPU
	EndGlobalSection
	GlobalSection(SolutionProperties) = preSolution
		HideSolutionNode = FALSE
	EndGlobalSection
	GlobalSection(ExtensibilityGlobals) = postSolution
		SolutionGuid = {D5622B56-1E25-4D37-B9F6-449C431D8FA6}
	EndGlobalSection
EndGlobal
